
Microsoft Visual Studio Solution File, Format Version 12.00
# Visual Studio Version 17
VisualStudioVersion = 17.9.34728.123
MinimumVisualStudioVersion = 10.0.40219.1
Project("{FAE04EC0-301F-11D3-BF4B-00C04F79EFBC}") = "Assignment2", "Assignment2\Assignment2.csproj", "{CC859607-FA0B-4B30-8B19-48656133BE39}"
EndProject
Global
	GlobalSection(SolutionConfigurationPlatforms) = preSolution
		Debug|Any CPU = Debug|Any CPU
		Release|Any CPU = Release|Any CPU
	EndGlobalSection
	GlobalSection(ProjectConfigurationPlatforms) = postSolution
		{CC859607-FA0B-4B30-8B19-48656133BE39}.Debug|Any CPU.ActiveCfg = Debug|Any CPU
		{CC859607-FA0B-4B30-8B19-48656133BE39}.Debug|Any CPU.Build.0 = Debug|Any CPU
		{CC859607-FA0B-4B30-8B19-48656133BE39}.Release|Any CPU.ActiveCfg = Release|Any CPU
		{CC859607-FA0B-4B30-8B19-48656133BE39}.Release|Any CPU.Build.0 = Release|Any CPU
	EndGlobalSection
	GlobalSection(SolutionProperties) = preSolution
		HideSolutionNode = FALSE
	EndGlobalSection
	GlobalSection(ExtensibilityGlobals) = postSolution
		SolutionGuid = {BB40E121-C2AB-4846-96E5-1864EFA4C321}
	EndGlobalSection
EndGlobal
